
Microsoft Visual Studio Solution File, Format Version 12.00
# Visual Studio Version 17
VisualStudioVersion = 17.14.36429.23
MinimumVisualStudioVersion = 10.0.40219.1
Project("{2150E333-8FDC-42A3-9474-1A3956D46DE8}") = "Task0", "Task0", "{02EA681E-C7D8-13C7-8484-4AC65E1B71E8}"
EndProject
Project("{FAE04EC0-301F-11D3-BF4B-00C04F79EFBC}") = "Tyuiu.VitovskayaAN.Sprint3.Task0.V22", "Tyuiu.VitovskayaAN.Sprint3.Task0.V22\Tyuiu.VitovskayaAN.Sprint3.Task0.V22.csproj", "{A49605C6-8C0A-4CB4-8815-B2F30732A7F3}"
EndProject
Project("{FAE04EC0-301F-11D3-BF4B-00C04F79EFBC}") = "Tyuiu.VitovskayaAN.Sprint3.Task0.V22.Lib", "Tyuiu.VitovskayaAN.Sprint3.Task0.V22.Lib\Tyuiu.VitovskayaAN.Sprint3.Task0.V22.Lib.csproj", "{9290BDD0-C067-4C6A-9645-BF78403A55FC}"
EndProject
Project("{FAE04EC0-301F-11D3-BF4B-00C04F79EFBC}") = "Tyuiu.VitovskayaAN.Sprint3.Task0.V22.Test", "Tyuiu.VitovskayaAN.Sprint3.Task0.V22.Test\Tyuiu.VitovskayaAN.Sprint3.Task0.V22.Test.csproj", "{2C2C5671-1E50-4F84-BB65-04E0ECF00D7D}"
EndProject
Project("{2150E333-8FDC-42A3-9474-1A3956D46DE8}") = "Task1", "Task1", "{EEF7E5D2-19CD-4C75-9506-292B0BC595B0}"
EndProject
Project("{FAE04EC0-301F-11D3-BF4B-00C04F79EFBC}") = "Tyuiu.VitovskayaAN.Sprint3.Task1.V11", "Tyuiu.VitovskayaAN.Sprint3.Task1.V11\Tyuiu.VitovskayaAN.Sprint3.Task1.V11.csproj", "{4FE3A431-81E2-4956-8FDB-F77841B94ED7}"
EndProject
Project("{FAE04EC0-301F-11D3-BF4B-00C04F79EFBC}") = "Tyuiu.VitovskayaAN.Sprint3.Task1.V11.Lib", "Tyuiu.VitovskayaAN.Sprint3.Task1.V11.Lib\Tyuiu.VitovskayaAN.Sprint3.Task1.V11.Lib.csproj", "{B1B0BF24-C6E8-4C73-A60A-8A05B71233EF}"
EndProject
Project("{FAE04EC0-301F-11D3-BF4B-00C04F79EFBC}") = "Tyuiu.VitovskayaAN.Sprint3.Task1.V11.Test", "Tyuiu.VitovskayaAN.Sprint3.Task1.V11.Test\Tyuiu.VitovskayaAN.Sprint3.Task1.V11.Test.csproj", "{768A28B8-9E5E-483D-B676-182741B19E7C}"
EndProject
Project("{2150E333-8FDC-42A3-9474-1A3956D46DE8}") = "Task2", "Task2", "{5B4F85B9-C69C-47AC-8BC6-F7A64C1928AF}"
EndProject
Project("{FAE04EC0-301F-11D3-BF4B-00C04F79EFBC}") = "Tyuiu.VitovskayaAN.Sprint3.Task2.V4", "Tyuiu.VitovskayaAN.Sprint3.Task2.V4\Tyuiu.VitovskayaAN.Sprint3.Task2.V4.csproj", "{F49A6896-F779-4021-8BAD-08484080B911}"
EndProject
Project("{FAE04EC0-301F-11D3-BF4B-00C04F79EFBC}") = "Tyuiu.VitovskayaAN.Sprint3.Task2.V4.Lib", "Tyuiu.VitovskayaAN.Sprint3.Task2.V4.Lib\Tyuiu.VitovskayaAN.Sprint3.Task2.V4.Lib.csproj", "{4AB5EE4E-8163-45B9-8BF3-30EB89C305CE}"
EndProject
Project("{FAE04EC0-301F-11D3-BF4B-00C04F79EFBC}") = "Tyuiu.VitovskayaAN.Sprint3.Task2.V4.Test", "Tyuiu.VitovskayaAN.Sprint3.Task2.V4.Test\Tyuiu.VitovskayaAN.Sprint3.Task2.V4.Test.csproj", "{E3CEA108-6803-45CC-B04C-D764E4D42F34}"
EndProject
Project("{2150E333-8FDC-42A3-9474-1A3956D46DE8}") = "Task3", "Task3", "{DDE1287D-7036-4916-9FB2-E23CD54C093B}"
EndProject
Project("{FAE04EC0-301F-11D3-BF4B-00C04F79EFBC}") = "Tyuiu.VitovskayaAN.Sprint3.Task3.V11", "Tyuiu.VitovskayaAN.Sprint3.Task3.V11\Tyuiu.VitovskayaAN.Sprint3.Task3.V11.csproj", "{85B04A15-8497-4E16-8B0B-A5E3AC97A21B}"
EndProject
Project("{FAE04EC0-301F-11D3-BF4B-00C04F79EFBC}") = "Tyuiu.VitovskayaAN.Sprint3.Task3.V11.Lib", "Tyuiu.VitovskayaAN.Sprint3.Task3.V11.Lib\Tyuiu.VitovskayaAN.Sprint3.Task3.V11.Lib.csproj", "{B8485768-D644-4D19-90AA-71B49C46511E}"
EndProject
Project("{FAE04EC0-301F-11D3-BF4B-00C04F79EFBC}") = "Tyuiu.VitovskayaAN.Sprint3.Task3.V11.Test", "Tyuiu.VitovskayaAN.Sprint3.Task3.V11.Test\Tyuiu.VitovskayaAN.Sprint3.Task3.V11.Test.csproj", "{ADAA6C4F-D2A9-4C19-8132-D15532A4968C}"
EndProject
Project("{2150E333-8FDC-42A3-9474-1A3956D46DE8}") = "Task4", "Task4", "{B94FEA9A-BCD9-4441-ABE0-8F24BFE3BEDF}"
EndProject
Project("{FAE04EC0-301F-11D3-BF4B-00C04F79EFBC}") = "Tyuiu.VitovskayaAN.Sprint3.Task4.V10", "Tyuiu.VitovskayaAN.Sprint3.Task4.V10\Tyuiu.VitovskayaAN.Sprint3.Task4.V10.csproj", "{CD47015C-49D3-48BB-9C17-1DEFFF364358}"
EndProject
Project("{FAE04EC0-301F-11D3-BF4B-00C04F79EFBC}") = "Tyuiu.VitovskayaAN.Sprint3.Task4.V10.Lib", "Tyuiu.VitovskayaAN.Sprint3.Task4.V10.Lib\Tyuiu.VitovskayaAN.Sprint3.Task4.V10.Lib.csproj", "{B90049B3-D05B-4129-B6AA-126C78545CD6}"
EndProject
Project("{FAE04EC0-301F-11D3-BF4B-00C04F79EFBC}") = "Tyuiu.VitovskayaAN.Sprint3.Task4.V10.Test", "Tyuiu.VitovskayaAN.Sprint3.Task4.V10.Test\Tyuiu.VitovskayaAN.Sprint3.Task4.V10.Test.csproj", "{E53558E2-7899-4A46-9E6A-70A762C87F09}"
EndProject
Project("{2150E333-8FDC-42A3-9474-1A3956D46DE8}") = "Task5", "Task5", "{39FC5042-3DCA-4841-AA8F-CDF07E42C555}"
EndProject
Project("{FAE04EC0-301F-11D3-BF4B-00C04F79EFBC}") = "Tyuiu.VitovskayaAN.Sprint3.Task5.V5", "Tyuiu.VitovskayaAN.Sprint3.Task5.V5\Tyuiu.VitovskayaAN.Sprint3.Task5.V5.csproj", "{3459FDD0-8229-4FA9-B00B-131D51939304}"
EndProject
Project("{FAE04EC0-301F-11D3-BF4B-00C04F79EFBC}") = "Tyuiu.VitovskayaAN.Sprint3.Task5.V5.Lib", "Tyuiu.VitovskayaAN.Sprint3.Task5.V5.Lib\Tyuiu.VitovskayaAN.Sprint3.Task5.V5.Lib.csproj", "{94E059B4-1953-48F8-838F-F4FD5271CDBF}"
EndProject
Project("{FAE04EC0-301F-11D3-BF4B-00C04F79EFBC}") = "Tyuiu.VitovskayaAN.Sprint3.Task5.V5.Test", "Tyuiu.VitovskayaAN.Sprint3.Task5.V5.Test\Tyuiu.VitovskayaAN.Sprint3.Task5.V5.Test.csproj", "{93D21FD2-8F9A-4110-9F4F-1DCD9541C197}"
EndProject
Global
	GlobalSection(SolutionConfigurationPlatforms) = preSolution
		Debug|Any CPU = Debug|Any CPU
		Release|Any CPU = Release|Any CPU
	EndGlobalSection
	GlobalSection(ProjectConfigurationPlatforms) = postSolution
		{A49605C6-8C0A-4CB4-8815-B2F30732A7F3}.Debug|Any CPU.ActiveCfg = Debug|Any CPU
		{A49605C6-8C0A-4CB4-8815-B2F30732A7F3}.Debug|Any CPU.Build.0 = Debug|Any CPU
		{A49605C6-8C0A-4CB4-8815-B2F30732A7F3}.Release|Any CPU.ActiveCfg = Release|Any CPU
		{A49605C6-8C0A-4CB4-8815-B2F30732A7F3}.Release|Any CPU.Build.0 = Release|Any CPU
		{9290BDD0-C067-4C6A-9645-BF78403A55FC}.Debug|Any CPU.ActiveCfg = Debug|Any CPU
		{9290BDD0-C067-4C6A-9645-BF78403A55FC}.Debug|Any CPU.Build.0 = Debug|Any CPU
		{9290BDD0-C067-4C6A-9645-BF78403A55FC}.Release|Any CPU.ActiveCfg = Release|Any CPU
		{9290BDD0-C067-4C6A-9645-BF78403A55FC}.Release|Any CPU.Build.0 = Release|Any CPU
		{2C2C5671-1E50-4F84-BB65-04E0ECF00D7D}.Debug|Any CPU.ActiveCfg = Debug|Any CPU
		{2C2C5671-1E50-4F84-BB65-04E0ECF00D7D}.Debug|Any CPU.Build.0 = Debug|Any CPU
		{2C2C5671-1E50-4F84-BB65-04E0ECF00D7D}.Release|Any CPU.ActiveCfg = Release|Any CPU
		{2C2C5671-1E50-4F84-BB65-04E0ECF00D7D}.Release|Any CPU.Build.0 = Release|Any CPU
		{4FE3A431-81E2-4956-8FDB-F77841B94ED7}.Debug|Any CPU.ActiveCfg = Debug|Any CPU
		{4FE3A431-81E2-4956-8FDB-F77841B94ED7}.Debug|Any CPU.Build.0 = Debug|Any CPU
		{4FE3A431-81E2-4956-8FDB-F77841B94ED7}.Release|Any CPU.ActiveCfg = Release|Any CPU
		{4FE3A431-81E2-4956-8FDB-F77841B94ED7}.Release|Any CPU.Build.0 = Release|Any CPU
		{B1B0BF24-C6E8-4C73-A60A-8A05B71233EF}.Debug|Any CPU.ActiveCfg = Debug|Any CPU
		{B1B0BF24-C6E8-4C73-A60A-8A05B71233EF}.Debug|Any CPU.Build.0 = Debug|Any CPU
		{B1B0BF24-C6E8-4C73-A60A-8A05B71233EF}.Release|Any CPU.ActiveCfg = Release|Any CPU
		{B1B0BF24-C6E8-4C73-A60A-8A05B71233EF}.Release|Any CPU.Build.0 = Release|Any CPU
		{768A28B8-9E5E-483D-B676-182741B19E7C}.Debug|Any CPU.ActiveCfg = Debug|Any CPU
		{768A28B8-9E5E-483D-B676-182741B19E7C}.Debug|Any CPU.Build.0 = Debug|Any CPU
		{768A28B8-9E5E-483D-B676-182741B19E7C}.Release|Any CPU.ActiveCfg = Release|Any CPU
		{768A28B8-9E5E-483D-B676-182741B19E7C}.Release|Any CPU.Build.0 = Release|Any CPU
		{F49A6896-F779-4021-8BAD-08484080B911}.Debug|Any CPU.ActiveCfg = Debug|Any CPU
		{F49A6896-F779-4021-8BAD-08484080B911}.Debug|Any CPU.Build.0 = Debug|Any CPU
		{F49A6896-F779-4021-8BAD-08484080B911}.Release|Any CPU.ActiveCfg = Release|Any CPU
		{F49A6896-F779-4021-8BAD-08484080B911}.Release|Any CPU.Build.0 = Release|Any CPU
		{4AB5EE4E-8163-45B9-8BF3-30EB89C305CE}.Debug|Any CPU.ActiveCfg = Debug|Any CPU
		{4AB5EE4E-8163-45B9-8BF3-30EB89C305CE}.Debug|Any CPU.Build.0 = Debug|Any CPU
		{4AB5EE4E-8163-45B9-8BF3-30EB89C305CE}.Release|Any CPU.ActiveCfg = Release|Any CPU
		{4AB5EE4E-8163-45B9-8BF3-30EB89C305CE}.Release|Any CPU.Build.0 = Release|Any CPU
		{E3CEA108-6803-45CC-B04C-D764E4D42F34}.Debug|Any CPU.ActiveCfg = Debug|Any CPU
		{E3CEA108-6803-45CC-B04C-D764E4D42F34}.Debug|Any CPU.Build.0 = Debug|Any CPU
		{E3CEA108-6803-45CC-B04C-D764E4D42F34}.Release|Any CPU.ActiveCfg = Release|Any CPU
		{E3CEA108-6803-45CC-B04C-D764E4D42F34}.Release|Any CPU.Build.0 = Release|Any CPU
		{85B04A15-8497-4E16-8B0B-A5E3AC97A21B}.Debug|Any CPU.ActiveCfg = Debug|Any CPU
		{85B04A15-8497-4E16-8B0B-A5E3AC97A21B}.Debug|Any CPU.Build.0 = Debug|Any CPU
		{85B04A15-8497-4E16-8B0B-A5E3AC97A21B}.Release|Any CPU.ActiveCfg = Release|Any CPU
		{85B04A15-8497-4E16-8B0B-A5E3AC97A21B}.Release|Any CPU.Build.0 = Release|Any CPU
		{B8485768-D644-4D19-90AA-71B49C46511E}.Debug|Any CPU.ActiveCfg = Debug|Any CPU
		{B8485768-D644-4D19-90AA-71B49C46511E}.Debug|Any CPU.Build.0 = Debug|Any CPU
		{B8485768-D644-4D19-90AA-71B49C46511E}.Release|Any CPU.ActiveCfg = Release|Any CPU
		{B8485768-D644-4D19-90AA-71B49C46511E}.Release|Any CPU.Build.0 = Release|Any CPU
		{ADAA6C4F-D2A9-4C19-8132-D15532A4968C}.Debug|Any CPU.ActiveCfg = Debug|Any CPU
		{ADAA6C4F-D2A9-4C19-8132-D15532A4968C}.Debug|Any CPU.Build.0 = Debug|Any CPU
		{ADAA6C4F-D2A9-4C19-8132-D15532A4968C}.Release|Any CPU.ActiveCfg = Release|Any CPU
		{ADAA6C4F-D2A9-4C19-8132-D15532A4968C}.Release|Any CPU.Build.0 = Release|Any CPU
		{CD47015C-49D3-48BB-9C17-1DEFFF364358}.Debug|Any CPU.ActiveCfg = Debug|Any CPU
		{CD47015C-49D3-48BB-9C17-1DEFFF364358}.Debug|Any CPU.Build.0 = Debug|Any CPU
		{CD47015C-49D3-48BB-9C17-1DEFFF364358}.Release|Any CPU.ActiveCfg = Release|Any CPU
		{CD47015C-49D3-48BB-9C17-1DEFFF364358}.Release|Any CPU.Build.0 = Release|Any CPU
		{B90049B3-D05B-4129-B6AA-126C78545CD6}.Debug|Any CPU.ActiveCfg = Debug|Any CPU
		{B90049B3-D05B-4129-B6AA-126C78545CD6}.Debug|Any CPU.Build.0 = Debug|Any CPU
		{B90049B3-D05B-4129-B6AA-126C78545CD6}.Release|Any CPU.ActiveCfg = Release|Any CPU
		{B90049B3-D05B-4129-B6AA-126C78545CD6}.Release|Any CPU.Build.0 = Release|Any CPU
		{E53558E2-7899-4A46-9E6A-70A762C87F09}.Debug|Any CPU.ActiveCfg = Debug|Any CPU
		{E53558E2-7899-4A46-9E6A-70A762C87F09}.Debug|Any CPU.Build.0 = Debug|Any CPU
		{E53558E2-7899-4A46-9E6A-70A762C87F09}.Release|Any CPU.ActiveCfg = Release|Any CPU
		{E53558E2-7899-4A46-9E6A-70A762C87F09}.Release|Any CPU.Build.0 = Release|Any CPU
		{3459FDD0-8229-4FA9-B00B-131D51939304}.Debug|Any CPU.ActiveCfg = Debug|Any CPU
		{3459FDD0-8229-4FA9-B00B-131D51939304}.Debug|Any CPU.Build.0 = Debug|Any CPU
		{3459FDD0-8229-4FA9-B00B-131D51939304}.Release|Any CPU.ActiveCfg = Release|Any CPU
		{3459FDD0-8229-4FA9-B00B-131D51939304}.Release|Any CPU.Build.0 = Release|Any CPU
		{94E059B4-1953-48F8-838F-F4FD5271CDBF}.Debug|Any CPU.ActiveCfg = Debug|Any CPU
		{94E059B4-1953-48F8-838F-F4FD5271CDBF}.Debug|Any CPU.Build.0 = Debug|Any CPU
		{94E059B4-1953-48F8-838F-F4FD5271CDBF}.Release|Any CPU.ActiveCfg = Release|Any CPU
		{94E059B4-1953-48F8-838F-F4FD5271CDBF}.Release|Any CPU.Build.0 = Release|Any CPU
		{93D21FD2-8F9A-4110-9F4F-1DCD9541C197}.Debug|Any CPU.ActiveCfg = Debug|Any CPU
		{93D21FD2-8F9A-4110-9F4F-1DCD9541C197}.Debug|Any CPU.Build.0 = Debug|Any CPU
		{93D21FD2-8F9A-4110-9F4F-1DCD9541C197}.Release|Any CPU.ActiveCfg = Release|Any CPU
		{93D21FD2-8F9A-4110-9F4F-1DCD9541C197}.Release|Any CPU.Build.0 = Release|Any CPU
	EndGlobalSection
	GlobalSection(SolutionProperties) = preSolution
		HideSolutionNode = FALSE
	EndGlobalSection
	GlobalSection(NestedProjects) = preSolution
		{A49605C6-8C0A-4CB4-8815-B2F30732A7F3} = {02EA681E-C7D8-13C7-8484-4AC65E1B71E8}
		{9290BDD0-C067-4C6A-9645-BF78403A55FC} = {02EA681E-C7D8-13C7-8484-4AC65E1B71E8}
		{2C2C5671-1E50-4F84-BB65-04E0ECF00D7D} = {02EA681E-C7D8-13C7-8484-4AC65E1B71E8}
		{4FE3A431-81E2-4956-8FDB-F77841B94ED7} = {EEF7E5D2-19CD-4C75-9506-292B0BC595B0}
		{B1B0BF24-C6E8-4C73-A60A-8A05B71233EF} = {EEF7E5D2-19CD-4C75-9506-292B0BC595B0}
		{768A28B8-9E5E-483D-B676-182741B19E7C} = {EEF7E5D2-19CD-4C75-9506-292B0BC595B0}
		{F49A6896-F779-4021-8BAD-08484080B911} = {5B4F85B9-C69C-47AC-8BC6-F7A64C1928AF}
		{4AB5EE4E-8163-45B9-8BF3-30EB89C305CE} = {5B4F85B9-C69C-47AC-8BC6-F7A64C1928AF}
		{E3CEA108-6803-45CC-B04C-D764E4D42F34} = {5B4F85B9-C69C-47AC-8BC6-F7A64C1928AF}
		{85B04A15-8497-4E16-8B0B-A5E3AC97A21B} = {DDE1287D-7036-4916-9FB2-E23CD54C093B}
		{B8485768-D644-4D19-90AA-71B49C46511E} = {DDE1287D-7036-4916-9FB2-E23CD54C093B}
		{ADAA6C4F-D2A9-4C19-8132-D15532A4968C} = {DDE1287D-7036-4916-9FB2-E23CD54C093B}
		{CD47015C-49D3-48BB-9C17-1DEFFF364358} = {B94FEA9A-BCD9-4441-ABE0-8F24BFE3BEDF}
		{B90049B3-D05B-4129-B6AA-126C78545CD6} = {B94FEA9A-BCD9-4441-ABE0-8F24BFE3BEDF}
		{E53558E2-7899-4A46-9E6A-70A762C87F09} = {B94FEA9A-BCD9-4441-ABE0-8F24BFE3BEDF}
		{3459FDD0-8229-4FA9-B00B-131D51939304} = {39FC5042-3DCA-4841-AA8F-CDF07E42C555}
		{94E059B4-1953-48F8-838F-F4FD5271CDBF} = {39FC5042-3DCA-4841-AA8F-CDF07E42C555}
		{93D21FD2-8F9A-4110-9F4F-1DCD9541C197} = {39FC5042-3DCA-4841-AA8F-CDF07E42C555}
	EndGlobalSection
	GlobalSection(ExtensibilityGlobals) = postSolution
		SolutionGuid = {B301DC83-41BF-41A2-AB0E-61D0EA475964}
	EndGlobalSection
EndGlobal
